// !$*UTF8*$!
{
	archiveVersion = 1;
	classes = {
	};
	objectVersion = 50;
	objects = {

/* Begin PBXBuildFile section */
		1C2BA7A62216ABF60068FC29 /* AppDelegate.m in Sources */ = {isa = PBXBuildFile; fileRef = 1C2BA7A52216ABF60068FC29 /* AppDelegate.m */; };
		1C2BA7A92216ABF60068FC29 /* ViewController.m in Sources */ = {isa = PBXBuildFile; fileRef = 1C2BA7A82216ABF60068FC29 /* ViewController.m */; };
		1C2BA7AC2216ABF60068FC29 /* Main.storyboard in Resources */ = {isa = PBXBuildFile; fileRef = 1C2BA7AA2216ABF60068FC29 /* Main.storyboard */; };
		1C2BA7AE2216ABF70068FC29 /* Assets.xcassets in Resources */ = {isa = PBXBuildFile; fileRef = 1C2BA7AD2216ABF70068FC29 /* Assets.xcassets */; };
		1C2BA7B12216ABF70068FC29 /* LaunchScreen.storyboard in Resources */ = {isa = PBXBuildFile; fileRef = 1C2BA7AF2216ABF70068FC29 /* LaunchScreen.storyboard */; };
		1C2BA7B42216ABF70068FC29 /* main.m in Sources */ = {isa = PBXBuildFile; fileRef = 1C2BA7B32216ABF70068FC29 /* main.m */; };
		1C2BA7BD2216AC3B0068FC29 /* Notification.m in Sources */ = {isa = PBXBuildFile; fileRef = 1C2BA7BC2216AC3B0068FC29 /* Notification.m */; };
		1C2BA7C02216AE860068FC29 /* NotificationCenter.m in Sources */ = {isa = PBXBuildFile; fileRef = 1C2BA7BF2216AE860068FC29 /* NotificationCenter.m */; };
/* End PBXBuildFile section */

/* Begin PBXFileReference section */
		1C2BA7A12216ABF60068FC29 /* 自己实现的通知Notification.app */ = {isa = PBXFileReference; explicitFileType = wrapper.application; includeInIndex = 0; path = "自己实现的通知Notification.app"; sourceTree = BUILT_PRODUCTS_DIR; };
		1C2BA7A42216ABF60068FC29 /* AppDelegate.h */ = {isa = PBXFileReference; lastKnownFileType = sourcecode.c.h; path = AppDelegate.h; sourceTree = "<group>"; };
		1C2BA7A52216ABF60068FC29 /* AppDelegate.m */ = {isa = PBXFileReference; lastKnownFileType = sourcecode.c.objc; path = AppDelegate.m; sourceTree = "<group>"; };
		1C2BA7A72216ABF60068FC29 /* ViewController.h */ = {isa = PBXFileReference; lastKnownFileType = sourcecode.c.h; path = ViewController.h; sourceTree = "<group>"; };
		1C2BA7A82216ABF60068FC29 /* ViewController.m */ = {isa = PBXFileReference; lastKnownFileType = sourcecode.c.objc; path = ViewController.m; sourceTree = "<group>"; };
		1C2BA7AB2216ABF60068FC29 /* Base */ = {isa = PBXFileReference; lastKnownFileType = file.storyboard; name = Base; path = Base.lproj/Main.storyboard; sourceTree = "<group>"; };
		1C2BA7AD2216ABF70068FC29 /* Assets.xcassets */ = {isa = PBXFileReference; lastKnownFileType = folder.assetcatalog; path = Assets.xcassets; sourceTree = "<group>"; };
		1C2BA7B02216ABF70068FC29 /* Base */ = {isa = PBXFileReference; lastKnownFileType = file.storyboard; name = Base; path = Base.lproj/LaunchScreen.storyboard; sourceTree = "<group>"; };
		1C2BA7B22216ABF70068FC29 /* Info.plist */ = {isa = PBXFileReference; lastKnownFileType = text.plist.xml; path = Info.plist; sourceTree = "<group>"; };
		1C2BA7B32216ABF70068FC29 /* main.m */ = {isa = PBXFileReference; lastKnownFileType = sourcecode.c.objc; path = main.m; sourceTree = "<group>"; };
		1C2BA7BB2216AC3B0068FC29 /* Notification.h */ = {isa = PBXFileReference; lastKnownFileType = sourcecode.c.h; path = Notification.h; sourceTree = "<group>"; };
		1C2BA7BC2216AC3B0068FC29 /* Notification.m */ = {isa = PBXFileReference; lastKnownFileType = sourcecode.c.objc; path = Notification.m; sourceTree = "<group>"; };
		1C2BA7BE2216AE860068FC29 /* NotificationCenter.h */ = {isa = PBXFileReference; lastKnownFileType = sourcecode.c.h; path = NotificationCenter.h; sourceTree = "<group>"; };
		1C2BA7BF2216AE860068FC29 /* NotificationCenter.m */ = {isa = PBXFileReference; lastKnownFileType = sourcecode.c.objc; path = NotificationCenter.m; sourceTree = "<group>"; };
/* End PBXFileReference section */

/* Begin PBXFrameworksBuildPhase section */
		1C2BA79E2216ABF60068FC29 /* Frameworks */ = {
			isa = PBXFrameworksBuildPhase;
			buildActionMask = 2147483647;
			files = (
			);
			runOnlyForDeploymentPostprocessing = 0;
		};
/* End PBXFrameworksBuildPhase section */

/* Begin PBXGroup section */
		1C2BA7982216ABF50068FC29 = {
			isa = PBXGroup;
			children = (
				1C2BA7A32216ABF60068FC29 /* 自己实现的通知Notification */,
				1C2BA7A22216ABF60068FC29 /* Products */,
			);
			sourceTree = "<group>";
		};
		1C2BA7A22216ABF60068FC29 /* Products */ = {
			isa = PBXGroup;
			children = (
				1C2BA7A12216ABF60068FC29 /* 自己实现的通知Notification.app */,
			);
			name = Products;
			sourceTree = "<group>";
		};
		1C2BA7A32216ABF60068FC29 /* 自己实现的通知Notification */ = {
			isa = PBXGroup;
			children = (
				1C2BA7A42216ABF60068FC29 /* AppDelegate.h */,
				1C2BA7A52216ABF60068FC29 /* AppDelegate.m */,
				1C2BA7A72216ABF60068FC29 /* ViewController.h */,
				1C2BA7A82216ABF60068FC29 /* ViewController.m */,
				1C2BA7BA2216AC170068FC29 /* Notification */,
				1C2BA7AA2216ABF60068FC29 /* Main.storyboard */,
				1C2BA7AD2216ABF70068FC29 /* Assets.xcassets */,
				1C2BA7AF2216ABF70068FC29 /* LaunchScreen.storyboard */,
				1C2BA7B22216ABF70068FC29 /* Info.plist */,
				1C2BA7B32216ABF70068FC29 /* main.m */,
			);
			path = "自己实现的通知Notification";
			sourceTree = "<group>";
		};
		1C2BA7BA2216AC170068FC29 /* Notification */ = {
			isa = PBXGroup;
			children = (
				1C2BA7BB2216AC3B0068FC29 /* Notification.h */,
				1C2BA7BC2216AC3B0068FC29 /* Notification.m */,
				1C2BA7BE2216AE860068FC29 /* NotificationCenter.h */,
				1C2BA7BF2216AE860068FC29 /* NotificationCenter.m */,
			);
			path = Notification;
			sourceTree = "<group>";
		};
/* End PBXGroup section */

/* Begin PBXNativeTarget section */
		1C2BA7A02216ABF60068FC29 /* 自己实现的通知Notification */ = {
			isa = PBXNativeTarget;
			buildConfigurationList = 1C2BA7B72216ABF70068FC29 /* Build configuration list for PBXNativeTarget "自己实现的通知Notification" */;
			buildPhases = (
				1C2BA79D2216ABF60068FC29 /* Sources */,
				1C2BA79E2216ABF60068FC29 /* Frameworks */,
				1C2BA79F2216ABF60068FC29 /* Resources */,
			);
			buildRules = (
			);
			dependencies = (
			);
			name = "自己实现的通知Notification";
			productName = "自己实现的通知Notification";
			productReference = 1C2BA7A12216ABF60068FC29 /* 自己实现的通知Notification.app */;
			productType = "com.apple.product-type.application";
		};
/* End PBXNativeTarget section */

/* Begin PBXProject section */
		1C2BA7992216ABF50068FC29 /* Project object */ = {
			isa = PBXProject;
			attributes = {
				LastUpgradeCheck = 1010;
				ORGANIZATIONNAME = UBK;
				TargetAttributes = {
					1C2BA7A02216ABF60068FC29 = {
						CreatedOnToolsVersion = 10.1;
					};
				};
			};
			buildConfigurationList = 1C2BA79C2216ABF50068FC29 /* Build configuration list for PBXProject "自己实现的通知Notification" */;
			compatibilityVersion = "Xcode 9.3";
			developmentRegion = en;
			hasScannedForEncodings = 0;
			knownRegions = (
				en,
				Base,
			);
			mainGroup = 1C2BA7982216ABF50068FC29;
			productRefGroup = 1C2BA7A22216ABF60068FC29 /* Products */;
			projectDirPath = "";
			projectRoot = "";
			targets = (
				1C2BA7A02216ABF60068FC29 /* 自己实现的通知Notification */,
			);
		};
/* End PBXProject section */

/* Begin PBXResourcesBuildPhase section */
		1C2BA79F2216ABF60068FC29 /* Resources */ = {
			isa = PBXResourcesBuildPhase;
			buildActionMask = 2147483647;
			files = (
				1C2BA7B12216ABF70068FC29 /* LaunchScreen.storyboard in Resources */,
				1C2BA7AE2216ABF70068FC29 /* Assets.xcassets in Resources */,
				1C2BA7AC2216ABF60068FC29 /* Main.storyboard in Resources */,
			);
			runOnlyForDeploymentPostprocessing = 0;
		};
/* End PBXResourcesBuildPhase section */

/* Begin PBXSourcesBuildPhase section */
		1C2BA79D2216ABF60068FC29 /* Sources */ = {
			isa = PBXSourcesBuildPhase;
			buildActionMask = 2147483647;
			files = (
				1C2BA7BD2216AC3B0068FC29 /* Notification.m in Sources */,
				1C2BA7C02216AE860068FC29 /* NotificationCenter.m in Sources */,
				1C2BA7A92216ABF60068FC29 /* ViewController.m in Sources */,
				1C2BA7B42216ABF70068FC29 /* main.m in Sources */,
				1C2BA7A62216ABF60068FC29 /* AppDelegate.m in Sources */,
			);
			runOnlyForDeploymentPostprocessing = 0;
		};
/* End PBXSourcesBuildPhase section */

/* Begin PBXVariantGroup section */
		1C2BA7AA2216ABF60068FC29 /* Main.storyboard */ = {
			isa = PBXVariantGroup;
			children = (
				1C2BA7AB2216ABF60068FC29 /* Base */,
			);
			name = Main.storyboard;
			sourceTree = "<group>";
		};
		1C2BA7AF2216ABF70068FC29 /* LaunchScreen.storyboard */ = {
			isa = PBXVariantGroup;
			children = (
				1C2BA7B02216ABF70068FC29 /* Base */,
			);
			name = LaunchScreen.storyboard;
			sourceTree = "<group>";
		};
/* End PBXVariantGroup section */

/* Begin XCBuildConfiguration section */
		1C2BA7B52216ABF70068FC29 /* Debug */ = {
			isa = XCBuildConfiguration;
			buildSettings = {
				ALWAYS_SEARCH_USER_PATHS = NO;
				CLANG_ANALYZER_NONNULL = YES;
				CLANG_ANALYZER_NUMBER_OBJECT_CONVERSION = YES_AGGRESSIVE;
				CLANG_CXX_LANGUAGE_STANDARD = "gnu++14";
				CLANG_CXX_LIBRARY = "libc++";
				CLANG_ENABLE_MODULES = YES;
				CLANG_ENABLE_OBJC_ARC = YES;
				CLANG_ENABLE_OBJC_WEAK = YES;
				CLANG_WARN_BLOCK_CAPTURE_AUTORELEASING = YES;
				CLANG_WARN_BOOL_CONVERSION = YES;
				CLANG_WARN_COMMA = YES;
				CLANG_WARN_CONSTANT_CONVERSION = YES;
				CLANG_WARN_DEPRECATED_OBJC_IMPLEMENTATIONS = YES;
				CLANG_WARN_DIRECT_OBJC_ISA_USAGE = YES_ERROR;
				CLANG_WARN_DOCUMENTATION_COMMENTS = YES;
				CLANG_WARN_EMPTY_BODY = YES;
				CLANG_WARN_ENUM_CONVERSION = YES;
				CLANG_WARN_INFINITE_RECURSION = YES;
				CLANG_WARN_INT_CONVERSION = YES;
				CLANG_WARN_NON_LITERAL_NULL_CONVERSION = YES;
				CLANG_WARN_OBJC_IMPLICIT_RETAIN_SELF = YES;
				CLANG_WARN_OBJC_LITERAL_CONVERSION = YES;
				CLANG_WARN_OBJC_ROOT_CLASS = YES_ERROR;
				CLANG_WARN_RANGE_LOOP_ANALYSIS = YES;
				CLANG_WARN_STRICT_PROTOTYPES = YES;
				CLANG_WARN_SUSPICIOUS_MOVE = YES;
				CLANG_WARN_UNGUARDED_AVAILABILITY = YES_AGGRESSIVE;
				CLANG_WARN_UNREACHABLE_CODE = YES;
				CLANG_WARN__DUPLICATE_METHOD_MATCH = YES;
				CODE_SIGN_IDENTITY = "iPhone Developer";
				COPY_PHASE_STRIP = NO;
				DEBUG_INFORMATION_FORMAT = dwarf;
				ENABLE_STRICT_OBJC_MSGSEND = YES;
				ENABLE_TESTABILITY = YES;
				GCC_C_LANGUAGE_STANDARD = gnu11;
				GCC_DYNAMIC_NO_PIC = NO;
				GCC_NO_COMMON_BLOCKS = YES;
				GCC_OPTIMIZATION_LEVEL = 0;
				GCC_PREPROCESSOR_DEFINITIONS = (
					"DEBUG=1",
					"$(inherited)",
				);
				GCC_WARN_64_TO_32_BIT_CONVERSION = YES;
				GCC_WARN_ABOUT_RETURN_TYPE = YES_ERROR;
				GCC_WARN_UNDECLARED_SELECTOR = YES;
				GCC_WARN_UNINITIALIZED_AUTOS = YES_AGGRESSIVE;
				GCC_WARN_UNUSED_FUNCTION = YES;
				GCC_WARN_UNUSED_VARIABLE = YES;
				IPHONEOS_DEPLOYMENT_TARGET = 12.1;
				MTL_ENABLE_DEBUG_INFO = INCLUDE_SOURCE;
				MTL_FAST_MATH = YES;
				ONLY_ACTIVE_ARCH = YES;
				SDKROOT = iphoneos;
			};
			name = Debug;
		};
		1C2BA7B62216ABF70068FC29 /* Release */ = {
			isa = XCBuildConfiguration;
			buildSettings = {
				ALWAYS_SEARCH_USER_PATHS = NO;
				CLANG_ANALYZER_NONNULL = YES;
				CLANG_ANALYZER_NUMBER_OBJECT_CONVERSION = YES_AGGRESSIVE;
				CLANG_CXX_LANGUAGE_STANDARD = "gnu++14";
				CLANG_CXX_LIBRARY = "libc++";
				CLANG_ENABLE_MODULES = YES;
				CLANG_ENABLE_OBJC_ARC = YES;
				CLANG_ENABLE_OBJC_WEAK = YES;
				CLANG_WARN_BLOCK_CAPTURE_AUTORELEASING = YES;
				CLANG_WARN_BOOL_CONVERSION = YES;
				CLANG_WARN_COMMA = YES;
				CLANG_WARN_CONSTANT_CONVERSION = YES;
				CLANG_WARN_DEPRECATED_OBJC_IMPLEMENTATIONS = YES;
				CLANG_WARN_DIRECT_OBJC_ISA_USAGE = YES_ERROR;
				CLANG_WARN_DOCUMENTATION_COMMENTS = YES;
				CLANG_WARN_EMPTY_BODY = YES;
				CLANG_WARN_ENUM_CONVERSION = YES;
				CLANG_WARN_INFINITE_RECURSION = YES;
				CLANG_WARN_INT_CONVERSION = YES;
				CLANG_WARN_NON_LITERAL_NULL_CONVERSION = YES;
				CLANG_WARN_OBJC_IMPLICIT_RETAIN_SELF = YES;
				CLANG_WARN_OBJC_LITERAL_CONVERSION = YES;
				CLANG_WARN_OBJC_ROOT_CLASS = YES_ERROR;
				CLANG_WARN_RANGE_LOOP_ANALYSIS = YES;
				CLANG_WARN_STRICT_PROTOTYPES = YES;
				CLANG_WARN_SUSPICIOUS_MOVE = YES;
				CLANG_WARN_UNGUARDED_AVAILABILITY = YES_AGGRESSIVE;
				CLANG_WARN_UNREACHABLE_CODE = YES;
				CLANG_WARN__DUPLICATE_METHOD_MATCH = YES;
				CODE_SIGN_IDENTITY = "iPhone Developer";
				COPY_PHASE_STRIP = NO;
				DEBUG_INFORMATION_FORMAT = "dwarf-with-dsym";
				ENABLE_NS_ASSERTIONS = NO;
				ENABLE_STRICT_OBJC_MSGSEND = YES;
				GCC_C_LANGUAGE_STANDARD = gnu11;
				GCC_NO_COMMON_BLOCKS = YES;
				GCC_WARN_64_TO_32_BIT_CONVERSION = YES;
				GCC_WARN_ABOUT_RETURN_TYPE = YES_ERROR;
				GCC_WARN_UNDECLARED_SELECTOR = YES;
				GCC_WARN_UNINITIALIZED_AUTOS = YES_AGGRESSIVE;
				GCC_WARN_UNUSED_FUNCTION = YES;
				GCC_WARN_UNUSED_VARIABLE = YES;
				IPHONEOS_DEPLOYMENT_TARGET = 12.1;
				MTL_ENABLE_DEBUG_INFO = NO;
				MTL_FAST_MATH = YES;
				SDKROOT = iphoneos;
				VALIDATE_PRODUCT = YES;
			};
			name = Release;
		};
		1C2BA7B82216ABF70068FC29 /* Debug */ = {
			isa = XCBuildConfiguration;
			buildSettings = {
				ASSETCATALOG_COMPILER_APPICON_NAME = AppIcon;
				CODE_SIGN_STYLE = Automatic;
				DEVELOPMENT_TEAM = CR7P8W79BX;
				INFOPLIST_FILE = "自己实现的通知Notification/Info.plist";
				LD_RUNPATH_SEARCH_PATHS = (
					"$(inherited)",
					"@executable_path/Frameworks",
				);
				PRODUCT_BUNDLE_IDENTIFIER = "com.ubk.-------Notification";
				PRODUCT_NAME = "$(TARGET_NAME)";
				TARGETED_DEVICE_FAMILY = "1,2";
			};
			name = Debug;
		};
		1C2BA7B92216ABF70068FC29 /* Release */ = {
			isa = XCBuildConfiguration;
			buildSettings = {
				ASSETCATALOG_COMPILER_APPICON_NAME = AppIcon;
				CODE_SIGN_STYLE = Automatic;
				DEVELOPMENT_TEAM = CR7P8W79BX;
				INFOPLIST_FILE = "自己实现的通知Notification/Info.plist";
				LD_RUNPATH_SEARCH_PATHS = (
					"$(inherited)",
					"@executable_path/Frameworks",
				);
				PRODUCT_BUNDLE_IDENTIFIER = "com.ubk.-------Notification";
				PRODUCT_NAME = "$(TARGET_NAME)";
				TARGETED_DEVICE_FAMILY = "1,2";
			};
			name = Release;
		};
/* End XCBuildConfiguration section */

/* Begin XCConfigurationList section */
		1C2BA79C2216ABF50068FC29 /* Build configuration list for PBXProject "自己实现的通知Notification" */ = {
			isa = XCConfigurationList;
			buildConfigurations = (
				1C2BA7B52216ABF70068FC29 /* Debug */,
				1C2BA7B62216ABF70068FC29 /* Release */,
			);
			defaultConfigurationIsVisible = 0;
			defaultConfigurationName = Release;
		};
		1C2BA7B72216ABF70068FC29 /* Build configuration list for PBXNativeTarget "自己实现的通知Notification" */ = {
			isa = XCConfigurationList;
			buildConfigurations = (
				1C2BA7B82216ABF70068FC29 /* Debug */,
				1C2BA7B92216ABF70068FC29 /* Release */,
			);
			defaultConfigurationIsVisible = 0;
			defaultConfigurationName = Release;
		};
/* End XCConfigurationList section */
	};
	rootObject = 1C2BA7992216ABF50068FC29 /* Project object */;
}
