// !$*UTF8*$!
{
	archiveVersion = 1;
	classes = {
	};
	objectVersion = 48;
	objects = {

/* Begin PBXBuildFile section */
		E81FE4541FBD940700C1841A /* AppDelegate.m in Sources */ = {isa = PBXBuildFile; fileRef = E81FE4531FBD940700C1841A /* AppDelegate.m */; };
		E81FE4571FBD940700C1841A /* ViewController.m in Sources */ = {isa = PBXBuildFile; fileRef = E81FE4561FBD940700C1841A /* ViewController.m */; };
		E81FE45A1FBD940700C1841A /* Main.storyboard in Resources */ = {isa = PBXBuildFile; fileRef = E81FE4581FBD940700C1841A /* Main.storyboard */; };
		E81FE45C1FBD940700C1841A /* Assets.xcassets in Resources */ = {isa = PBXBuildFile; fileRef = E81FE45B1FBD940700C1841A /* Assets.xcassets */; };
		E81FE45F1FBD940700C1841A /* LaunchScreen.storyboard in Resources */ = {isa = PBXBuildFile; fileRef = E81FE45D1FBD940700C1841A /* LaunchScreen.storyboard */; };
		E81FE4621FBD940700C1841A /* main.m in Sources */ = {isa = PBXBuildFile; fileRef = E81FE4611FBD940700C1841A /* main.m */; };
/* End PBXBuildFile section */

/* Begin PBXFileReference section */
		E81FE44F1FBD940700C1841A /* GCD_example.app */ = {isa = PBXFileReference; explicitFileType = wrapper.application; includeInIndex = 0; path = GCD_example.app; sourceTree = BUILT_PRODUCTS_DIR; };
		E81FE4521FBD940700C1841A /* AppDelegate.h */ = {isa = PBXFileReference; lastKnownFileType = sourcecode.c.h; path = AppDelegate.h; sourceTree = "<group>"; };
		E81FE4531FBD940700C1841A /* AppDelegate.m */ = {isa = PBXFileReference; lastKnownFileType = sourcecode.c.objc; path = AppDelegate.m; sourceTree = "<group>"; };
		E81FE4551FBD940700C1841A /* ViewController.h */ = {isa = PBXFileReference; lastKnownFileType = sourcecode.c.h; path = ViewController.h; sourceTree = "<group>"; };
		E81FE4561FBD940700C1841A /* ViewController.m */ = {isa = PBXFileReference; lastKnownFileType = sourcecode.c.objc; path = ViewController.m; sourceTree = "<group>"; };
		E81FE4591FBD940700C1841A /* Base */ = {isa = PBXFileReference; lastKnownFileType = file.storyboard; name = Base; path = Base.lproj/Main.storyboard; sourceTree = "<group>"; };
		E81FE45B1FBD940700C1841A /* Assets.xcassets */ = {isa = PBXFileReference; lastKnownFileType = folder.assetcatalog; path = Assets.xcassets; sourceTree = "<group>"; };
		E81FE45E1FBD940700C1841A /* Base */ = {isa = PBXFileReference; lastKnownFileType = file.storyboard; name = Base; path = Base.lproj/LaunchScreen.storyboard; sourceTree = "<group>"; };
		E81FE4601FBD940700C1841A /* Info.plist */ = {isa = PBXFileReference; lastKnownFileType = text.plist.xml; path = Info.plist; sourceTree = "<group>"; };
		E81FE4611FBD940700C1841A /* main.m */ = {isa = PBXFileReference; lastKnownFileType = sourcecode.c.objc; path = main.m; sourceTree = "<group>"; };
/* End PBXFileReference section */

/* Begin PBXFrameworksBuildPhase section */
		E81FE44C1FBD940700C1841A /* Frameworks */ = {
			isa = PBXFrameworksBuildPhase;
			buildActionMask = 2147483647;
			files = (
			);
			runOnlyForDeploymentPostprocessing = 0;
		};
/* End PBXFrameworksBuildPhase section */

/* Begin PBXGroup section */
		E81FE4461FBD940700C1841A = {
			isa = PBXGroup;
			children = (
				E81FE4511FBD940700C1841A /* GCD_example */,
				E81FE4501FBD940700C1841A /* Products */,
			);
			sourceTree = "<group>";
		};
		E81FE4501FBD940700C1841A /* Products */ = {
			isa = PBXGroup;
			children = (
				E81FE44F1FBD940700C1841A /* GCD_example.app */,
			);
			name = Products;
			sourceTree = "<group>";
		};
		E81FE4511FBD940700C1841A /* GCD_example */ = {
			isa = PBXGroup;
			children = (
				E81FE4521FBD940700C1841A /* AppDelegate.h */,
				E81FE4531FBD940700C1841A /* AppDelegate.m */,
				E81FE4551FBD940700C1841A /* ViewController.h */,
				E81FE4561FBD940700C1841A /* ViewController.m */,
				E81FE4581FBD940700C1841A /* Main.storyboard */,
				E81FE45B1FBD940700C1841A /* Assets.xcassets */,
				E81FE45D1FBD940700C1841A /* LaunchScreen.storyboard */,
				E81FE4601FBD940700C1841A /* Info.plist */,
				E81FE4611FBD940700C1841A /* main.m */,
			);
			path = GCD_example;
			sourceTree = "<group>";
		};
/* End PBXGroup section */

/* Begin PBXNativeTarget section */
		E81FE44E1FBD940700C1841A /* GCD_example */ = {
			isa = PBXNativeTarget;
			buildConfigurationList = E81FE4651FBD940700C1841A /* Build configuration list for PBXNativeTarget "GCD_example" */;
			buildPhases = (
				E81FE44B1FBD940700C1841A /* Sources */,
				E81FE44C1FBD940700C1841A /* Frameworks */,
				E81FE44D1FBD940700C1841A /* Resources */,
			);
			buildRules = (
			);
			dependencies = (
			);
			name = GCD_example;
			productName = GCD_example;
			productReference = E81FE44F1FBD940700C1841A /* GCD_example.app */;
			productType = "com.apple.product-type.application";
		};
/* End PBXNativeTarget section */

/* Begin PBXProject section */
		E81FE4471FBD940700C1841A /* Project object */ = {
			isa = PBXProject;
			attributes = {
				LastUpgradeCheck = 0910;
				ORGANIZATIONNAME = PaddyGu;
				TargetAttributes = {
					E81FE44E1FBD940700C1841A = {
						CreatedOnToolsVersion = 9.1;
						ProvisioningStyle = Automatic;
					};
				};
			};
			buildConfigurationList = E81FE44A1FBD940700C1841A /* Build configuration list for PBXProject "GCD_example" */;
			compatibilityVersion = "Xcode 8.0";
			developmentRegion = en;
			hasScannedForEncodings = 0;
			knownRegions = (
				en,
				Base,
			);
			mainGroup = E81FE4461FBD940700C1841A;
			productRefGroup = E81FE4501FBD940700C1841A /* Products */;
			projectDirPath = "";
			projectRoot = "";
			targets = (
				E81FE44E1FBD940700C1841A /* GCD_example */,
			);
		};
/* End PBXProject section */

/* Begin PBXResourcesBuildPhase section */
		E81FE44D1FBD940700C1841A /* Resources */ = {
			isa = PBXResourcesBuildPhase;
			buildActionMask = 2147483647;
			files = (
				E81FE45F1FBD940700C1841A /* LaunchScreen.storyboard in Resources */,
				E81FE45C1FBD940700C1841A /* Assets.xcassets in Resources */,
				E81FE45A1FBD940700C1841A /* Main.storyboard in Resources */,
			);
			runOnlyForDeploymentPostprocessing = 0;
		};
/* End PBXResourcesBuildPhase section */

/* Begin PBXSourcesBuildPhase section */
		E81FE44B1FBD940700C1841A /* Sources */ = {
			isa = PBXSourcesBuildPhase;
			buildActionMask = 2147483647;
			files = (
				E81FE4571FBD940700C1841A /* ViewController.m in Sources */,
				E81FE4621FBD940700C1841A /* main.m in Sources */,
				E81FE4541FBD940700C1841A /* AppDelegate.m in Sources */,
			);
			runOnlyForDeploymentPostprocessing = 0;
		};
/* End PBXSourcesBuildPhase section */

/* Begin PBXVariantGroup section */
		E81FE4581FBD940700C1841A /* Main.storyboard */ = {
			isa = PBXVariantGroup;
			children = (
				E81FE4591FBD940700C1841A /* Base */,
			);
			name = Main.storyboard;
			sourceTree = "<group>";
		};
		E81FE45D1FBD940700C1841A /* LaunchScreen.storyboard */ = {
			isa = PBXVariantGroup;
			children = (
				E81FE45E1FBD940700C1841A /* Base */,
			);
			name = LaunchScreen.storyboard;
			sourceTree = "<group>";
		};
/* End PBXVariantGroup section */

/* Begin XCBuildConfiguration section */
		E81FE4631FBD940700C1841A /* Debug */ = {
			isa = XCBuildConfiguration;
			buildSettings = {
				ALWAYS_SEARCH_USER_PATHS = NO;
				CLANG_ANALYZER_NONNULL = YES;
				CLANG_ANALYZER_NUMBER_OBJECT_CONVERSION = YES_AGGRESSIVE;
				CLANG_CXX_LANGUAGE_STANDARD = "gnu++14";
				CLANG_CXX_LIBRARY = "libc++";
				CLANG_ENABLE_MODULES = YES;
				CLANG_ENABLE_OBJC_ARC = YES;
				CLANG_WARN_BLOCK_CAPTURE_AUTORELEASING = YES;
				CLANG_WARN_BOOL_CONVERSION = YES;
				CLANG_WARN_COMMA = YES;
				CLANG_WARN_CONSTANT_CONVERSION = YES;
				CLANG_WARN_DIRECT_OBJC_ISA_USAGE = YES_ERROR;
				CLANG_WARN_DOCUMENTATION_COMMENTS = YES;
				CLANG_WARN_EMPTY_BODY = YES;
				CLANG_WARN_ENUM_CONVERSION = YES;
				CLANG_WARN_INFINITE_RECURSION = YES;
				CLANG_WARN_INT_CONVERSION = YES;
				CLANG_WARN_NON_LITERAL_NULL_CONVERSION = YES;
				CLANG_WARN_OBJC_LITERAL_CONVERSION = YES;
				CLANG_WARN_OBJC_ROOT_CLASS = YES_ERROR;
				CLANG_WARN_RANGE_LOOP_ANALYSIS = YES;
				CLANG_WARN_STRICT_PROTOTYPES = YES;
				CLANG_WARN_SUSPICIOUS_MOVE = YES;
				CLANG_WARN_UNGUARDED_AVAILABILITY = YES_AGGRESSIVE;
				CLANG_WARN_UNREACHABLE_CODE = YES;
				CLANG_WARN__DUPLICATE_METHOD_MATCH = YES;
				CODE_SIGN_IDENTITY = "iPhone Developer";
				COPY_PHASE_STRIP = NO;
				DEBUG_INFORMATION_FORMAT = dwarf;
				ENABLE_STRICT_OBJC_MSGSEND = YES;
				ENABLE_TESTABILITY = YES;
				GCC_C_LANGUAGE_STANDARD = gnu11;
				GCC_DYNAMIC_NO_PIC = NO;
				GCC_NO_COMMON_BLOCKS = YES;
				GCC_OPTIMIZATION_LEVEL = 0;
				GCC_PREPROCESSOR_DEFINITIONS = (
					"DEBUG=1",
					"$(inherited)",
				);
				GCC_WARN_64_TO_32_BIT_CONVERSION = YES;
				GCC_WARN_ABOUT_RETURN_TYPE = YES_ERROR;
				GCC_WARN_UNDECLARED_SELECTOR = YES;
				GCC_WARN_UNINITIALIZED_AUTOS = YES_AGGRESSIVE;
				GCC_WARN_UNUSED_FUNCTION = YES;
				GCC_WARN_UNUSED_VARIABLE = YES;
				IPHONEOS_DEPLOYMENT_TARGET = 11.1;
				MTL_ENABLE_DEBUG_INFO = YES;
				ONLY_ACTIVE_ARCH = YES;
				SDKROOT = iphoneos;
			};
			name = Debug;
		};
		E81FE4641FBD940700C1841A /* Release */ = {
			isa = XCBuildConfiguration;
			buildSettings = {
				ALWAYS_SEARCH_USER_PATHS = NO;
				CLANG_ANALYZER_NONNULL = YES;
				CLANG_ANALYZER_NUMBER_OBJECT_CONVERSION = YES_AGGRESSIVE;
				CLANG_CXX_LANGUAGE_STANDARD = "gnu++14";
				CLANG_CXX_LIBRARY = "libc++";
				CLANG_ENABLE_MODULES = YES;
				CLANG_ENABLE_OBJC_ARC = YES;
				CLANG_WARN_BLOCK_CAPTURE_AUTORELEASING = YES;
				CLANG_WARN_BOOL_CONVERSION = YES;
				CLANG_WARN_COMMA = YES;
				CLANG_WARN_CONSTANT_CONVERSION = YES;
				CLANG_WARN_DIRECT_OBJC_ISA_USAGE = YES_ERROR;
				CLANG_WARN_DOCUMENTATION_COMMENTS = YES;
				CLANG_WARN_EMPTY_BODY = YES;
				CLANG_WARN_ENUM_CONVERSION = YES;
				CLANG_WARN_INFINITE_RECURSION = YES;
				CLANG_WARN_INT_CONVERSION = YES;
				CLANG_WARN_NON_LITERAL_NULL_CONVERSION = YES;
				CLANG_WARN_OBJC_LITERAL_CONVERSION = YES;
				CLANG_WARN_OBJC_ROOT_CLASS = YES_ERROR;
				CLANG_WARN_RANGE_LOOP_ANALYSIS = YES;
				CLANG_WARN_STRICT_PROTOTYPES = YES;
				CLANG_WARN_SUSPICIOUS_MOVE = YES;
				CLANG_WARN_UNGUARDED_AVAILABILITY = YES_AGGRESSIVE;
				CLANG_WARN_UNREACHABLE_CODE = YES;
				CLANG_WARN__DUPLICATE_METHOD_MATCH = YES;
				CODE_SIGN_IDENTITY = "iPhone Developer";
				COPY_PHASE_STRIP = NO;
				DEBUG_INFORMATION_FORMAT = "dwarf-with-dsym";
				ENABLE_NS_ASSERTIONS = NO;
				ENABLE_STRICT_OBJC_MSGSEND = YES;
				GCC_C_LANGUAGE_STANDARD = gnu11;
				GCC_NO_COMMON_BLOCKS = YES;
				GCC_WARN_64_TO_32_BIT_CONVERSION = YES;
				GCC_WARN_ABOUT_RETURN_TYPE = YES_ERROR;
				GCC_WARN_UNDECLARED_SELECTOR = YES;
				GCC_WARN_UNINITIALIZED_AUTOS = YES_AGGRESSIVE;
				GCC_WARN_UNUSED_FUNCTION = YES;
				GCC_WARN_UNUSED_VARIABLE = YES;
				IPHONEOS_DEPLOYMENT_TARGET = 11.1;
				MTL_ENABLE_DEBUG_INFO = NO;
				SDKROOT = iphoneos;
				VALIDATE_PRODUCT = YES;
			};
			name = Release;
		};
		E81FE4661FBD940700C1841A /* Debug */ = {
			isa = XCBuildConfiguration;
			buildSettings = {
				ASSETCATALOG_COMPILER_APPICON_NAME = AppIcon;
				CODE_SIGN_STYLE = Automatic;
				DEVELOPMENT_TEAM = 2D8VM47F67;
				INFOPLIST_FILE = GCD_example/Info.plist;
				LD_RUNPATH_SEARCH_PATHS = "$(inherited) @executable_path/Frameworks";
				PRODUCT_BUNDLE_IDENTIFIER = "com.appubk.GCD-example";
				PRODUCT_NAME = "$(TARGET_NAME)";
				TARGETED_DEVICE_FAMILY = "1,2";
			};
			name = Debug;
		};
		E81FE4671FBD940700C1841A /* Release */ = {
			isa = XCBuildConfiguration;
			buildSettings = {
				ASSETCATALOG_COMPILER_APPICON_NAME = AppIcon;
				CODE_SIGN_STYLE = Automatic;
				DEVELOPMENT_TEAM = 2D8VM47F67;
				INFOPLIST_FILE = GCD_example/Info.plist;
				LD_RUNPATH_SEARCH_PATHS = "$(inherited) @executable_path/Frameworks";
				PRODUCT_BUNDLE_IDENTIFIER = "com.appubk.GCD-example";
				PRODUCT_NAME = "$(TARGET_NAME)";
				TARGETED_DEVICE_FAMILY = "1,2";
			};
			name = Release;
		};
/* End XCBuildConfiguration section */

/* Begin XCConfigurationList section */
		E81FE44A1FBD940700C1841A /* Build configuration list for PBXProject "GCD_example" */ = {
			isa = XCConfigurationList;
			buildConfigurations = (
				E81FE4631FBD940700C1841A /* Debug */,
				E81FE4641FBD940700C1841A /* Release */,
			);
			defaultConfigurationIsVisible = 0;
			defaultConfigurationName = Release;
		};
		E81FE4651FBD940700C1841A /* Build configuration list for PBXNativeTarget "GCD_example" */ = {
			isa = XCConfigurationList;
			buildConfigurations = (
				E81FE4661FBD940700C1841A /* Debug */,
				E81FE4671FBD940700C1841A /* Release */,
			);
			defaultConfigurationIsVisible = 0;
			defaultConfigurationName = Release;
		};
/* End XCConfigurationList section */
	};
	rootObject = E81FE4471FBD940700C1841A /* Project object */;
}
